
Microsoft Visual Studio Solution File, Format Version 12.00
# Visual Studio Version 16
VisualStudioVersion = 16.0.31729.503
MinimumVisualStudioVersion = 10.0.40219.1
Project("{FAE04EC0-301F-11D3-BF4B-00C04F79EFBC}") = "AssetManagmentSystem", "AssetManagmentSystem\AssetManagmentSystem.csproj", "{4F51E38C-8DEC-41A2-841D-3D6BFA061126}"
EndProject
Global
	GlobalSection(SolutionConfigurationPlatforms) = preSolution
		Debug|Any CPU = Debug|Any CPU
		Release|Any CPU = Release|Any CPU
	EndGlobalSection
	GlobalSection(ProjectConfigurationPlatforms) = postSolution
		{4F51E38C-8DEC-41A2-841D-3D6BFA061126}.Debug|Any CPU.ActiveCfg = Debug|Any CPU
		{4F51E38C-8DEC-41A2-841D-3D6BFA061126}.Debug|Any CPU.Build.0 = Debug|Any CPU
		{4F51E38C-8DEC-41A2-841D-3D6BFA061126}.Release|Any CPU.ActiveCfg = Release|Any CPU
		{4F51E38C-8DEC-41A2-841D-3D6BFA061126}.Release|Any CPU.Build.0 = Release|Any CPU
	EndGlobalSection
	GlobalSection(SolutionProperties) = preSolution
		HideSolutionNode = FALSE
	EndGlobalSection
	GlobalSection(ExtensibilityGlobals) = postSolution
		SolutionGuid = {60C10C2D-BE10-4726-91CF-F9BB304C0201}
	EndGlobalSection
EndGlobal
